// !$*UTF8*$!
{
	archiveVersion = 1;
	classes = {
	};
	objectVersion = 56;
	objects = {

/* Begin PBXBuildFile section */
		4524FD1F2A00EB1100A5BC27 /* JihwajaApp.swift in Sources */ = {isa = PBXBuildFile; fileRef = 4524FD1E2A00EB1100A5BC27 /* JihwajaApp.swift */; };
		4524FD212A00EB1100A5BC27 /* ContentView.swift in Sources */ = {isa = PBXBuildFile; fileRef = 4524FD202A00EB1100A5BC27 /* ContentView.swift */; };
		4524FD232A00EB1200A5BC27 /* Assets.xcassets in Resources */ = {isa = PBXBuildFile; fileRef = 4524FD222A00EB1200A5BC27 /* Assets.xcassets */; };
		4524FD262A00EB1200A5BC27 /* Preview Assets.xcassets in Resources */ = {isa = PBXBuildFile; fileRef = 4524FD252A00EB1200A5BC27 /* Preview Assets.xcassets */; };
		45254E7C2A0B24A50024982F /* PressManager.swift in Sources */ = {isa = PBXBuildFile; fileRef = 45254E7B2A0B24A50024982F /* PressManager.swift */; };
		45429E922A0DD6890049C727 /* Q2_motion.gif in Resources */ = {isa = PBXBuildFile; fileRef = 45429E912A0DD6890049C727 /* Q2_motion.gif */; };
		4569EEA32A09DFFD003B1D48 /* DrawingManager.swift in Sources */ = {isa = PBXBuildFile; fileRef = 4569EEA22A09DFFD003B1D48 /* DrawingManager.swift */; };
		45E06A422A0DBF4600D90F88 /* FLAnimatedImage in Frameworks */ = {isa = PBXBuildFile; productRef = 45E06A412A0DBF4600D90F88 /* FLAnimatedImage */; };
		45E06A442A0DC1EF00D90F88 /* AnimatedManager.swift in Sources */ = {isa = PBXBuildFile; fileRef = 45E06A432A0DC1EF00D90F88 /* AnimatedManager.swift */; };
		4D4418762A013455000EDC42 /* MainView.swift in Sources */ = {isa = PBXBuildFile; fileRef = 4D4418752A013454000EDC42 /* MainView.swift */; };
		4D4418782A013463000EDC42 /* SplashView.swift in Sources */ = {isa = PBXBuildFile; fileRef = 4D4418772A013463000EDC42 /* SplashView.swift */; };
		4D44187A2A013476000EDC42 /* OnboardingView.swift in Sources */ = {isa = PBXBuildFile; fileRef = 4D4418792A013476000EDC42 /* OnboardingView.swift */; };
		4D44187C2A0134A0000EDC42 /* ReportView.swift in Sources */ = {isa = PBXBuildFile; fileRef = 4D44187B2A0134A0000EDC42 /* ReportView.swift */; };
		4D44187F2A01352B000EDC42 /* QuestionView01.swift in Sources */ = {isa = PBXBuildFile; fileRef = 4D44187E2A01352B000EDC42 /* QuestionView01.swift */; };
		4D4418812A013548000EDC42 /* QuestionView02.swift in Sources */ = {isa = PBXBuildFile; fileRef = 4D4418802A013548000EDC42 /* QuestionView02.swift */; };
		4D4418832A01354F000EDC42 /* QuestionView03.swift in Sources */ = {isa = PBXBuildFile; fileRef = 4D4418822A01354F000EDC42 /* QuestionView03.swift */; };
		4D4418852A01355B000EDC42 /* QuestionView04.swift in Sources */ = {isa = PBXBuildFile; fileRef = 4D4418842A01355B000EDC42 /* QuestionView04.swift */; };
		4D4418872A013561000EDC42 /* QuestionView05.swift in Sources */ = {isa = PBXBuildFile; fileRef = 4D4418862A013561000EDC42 /* QuestionView05.swift */; };
		4D4418892A013567000EDC42 /* QuestionView06.swift in Sources */ = {isa = PBXBuildFile; fileRef = 4D4418882A013567000EDC42 /* QuestionView06.swift */; };
		4D44188B2A01356E000EDC42 /* QuestionView07.swift in Sources */ = {isa = PBXBuildFile; fileRef = 4D44188A2A01356E000EDC42 /* QuestionView07.swift */; };
		4D44188D2A013587000EDC42 /* QuestionView08.swift in Sources */ = {isa = PBXBuildFile; fileRef = 4D44188C2A013587000EDC42 /* QuestionView08.swift */; };
		4D44188F2A01358C000EDC42 /* QuestionView09.swift in Sources */ = {isa = PBXBuildFile; fileRef = 4D44188E2A01358C000EDC42 /* QuestionView09.swift */; };
		4D4418912A013591000EDC42 /* QuestionView10.swift in Sources */ = {isa = PBXBuildFile; fileRef = 4D4418902A013591000EDC42 /* QuestionView10.swift */; };
		4D4418932A013597000EDC42 /* QuestionView11.swift in Sources */ = {isa = PBXBuildFile; fileRef = 4D4418922A013597000EDC42 /* QuestionView11.swift */; };
		4D4418952A01359B000EDC42 /* QuestionView12.swift in Sources */ = {isa = PBXBuildFile; fileRef = 4D4418942A01359B000EDC42 /* QuestionView12.swift */; };
		9754C85F2A0E596B009A5405 /* LaunchScreen.storyboard in Resources */ = {isa = PBXBuildFile; fileRef = 9754C85E2A0E596B009A5405 /* LaunchScreen.storyboard */; };
		9754C8622A0E5B1E009A5405 /* jihwajaData.swift in Sources */ = {isa = PBXBuildFile; fileRef = 9754C8612A0E5B1E009A5405 /* jihwajaData.swift */; };
		9789340F2A035EF20029AD06 /* getWidth.swift in Sources */ = {isa = PBXBuildFile; fileRef = 9789340E2A035EF20029AD06 /* getWidth.swift */; };
		978934112A035EFB0029AD06 /* QuestionView.swift in Sources */ = {isa = PBXBuildFile; fileRef = 978934102A035EFB0029AD06 /* QuestionView.swift */; };
		97B5AA602A0FA75E00B15C61 /* JIhwajaStore.swift in Sources */ = {isa = PBXBuildFile; fileRef = 97B5AA5F2A0FA75E00B15C61 /* JIhwajaStore.swift */; };
		97F9C9AA2A03C2E900335E65 /* StoreButtonView.swift in Sources */ = {isa = PBXBuildFile; fileRef = 97F9C9A92A03C2E900335E65 /* StoreButtonView.swift */; };
		D4149D932A0925BF00CC47AA /* HalfModalView.swift in Sources */ = {isa = PBXBuildFile; fileRef = D4149D922A0925BF00CC47AA /* HalfModalView.swift */; };
/* End PBXBuildFile section */

/* Begin PBXFileReference section */
		4524FD1E2A00EB1100A5BC27 /* JihwajaApp.swift */ = {isa = PBXFileReference; lastKnownFileType = sourcecode.swift; path = JihwajaApp.swift; sourceTree = "<group>"; };
		4524FD202A00EB1100A5BC27 /* ContentView.swift */ = {isa = PBXFileReference; lastKnownFileType = sourcecode.swift; path = ContentView.swift; sourceTree = "<group>"; };
		4524FD222A00EB1200A5BC27 /* Assets.xcassets */ = {isa = PBXFileReference; lastKnownFileType = folder.assetcatalog; path = Assets.xcassets; sourceTree = "<group>"; };
		4524FD252A00EB1200A5BC27 /* Preview Assets.xcassets */ = {isa = PBXFileReference; lastKnownFileType = folder.assetcatalog; path = "Preview Assets.xcassets"; sourceTree = "<group>"; };
		45254E7B2A0B24A50024982F /* PressManager.swift */ = {isa = PBXFileReference; lastKnownFileType = sourcecode.swift; path = PressManager.swift; sourceTree = "<group>"; };
		45429E912A0DD6890049C727 /* Q2_motion.gif */ = {isa = PBXFileReference; lastKnownFileType = image.gif; path = Q2_motion.gif; sourceTree = "<group>"; };
		4569EEA22A09DFFD003B1D48 /* DrawingManager.swift */ = {isa = PBXFileReference; lastKnownFileType = sourcecode.swift; path = DrawingManager.swift; sourceTree = "<group>"; };
		45E06A3F2A0D3FDB00D90F88 /* Jihwaja.app */ = {isa = PBXFileReference; explicitFileType = wrapper.application; includeInIndex = 0; path = Jihwaja.app; sourceTree = BUILT_PRODUCTS_DIR; };
		45E06A432A0DC1EF00D90F88 /* AnimatedManager.swift */ = {isa = PBXFileReference; lastKnownFileType = sourcecode.swift; path = AnimatedManager.swift; sourceTree = "<group>"; };
		4D4418752A013454000EDC42 /* MainView.swift */ = {isa = PBXFileReference; lastKnownFileType = sourcecode.swift; path = MainView.swift; sourceTree = "<group>"; };
		4D4418772A013463000EDC42 /* SplashView.swift */ = {isa = PBXFileReference; lastKnownFileType = sourcecode.swift; path = SplashView.swift; sourceTree = "<group>"; };
		4D4418792A013476000EDC42 /* OnboardingView.swift */ = {isa = PBXFileReference; lastKnownFileType = sourcecode.swift; path = OnboardingView.swift; sourceTree = "<group>"; };
		4D44187B2A0134A0000EDC42 /* ReportView.swift */ = {isa = PBXFileReference; lastKnownFileType = sourcecode.swift; path = ReportView.swift; sourceTree = "<group>"; };
		4D44187E2A01352B000EDC42 /* QuestionView01.swift */ = {isa = PBXFileReference; lastKnownFileType = sourcecode.swift; path = QuestionView01.swift; sourceTree = "<group>"; };
		4D4418802A013548000EDC42 /* QuestionView02.swift */ = {isa = PBXFileReference; lastKnownFileType = sourcecode.swift; path = QuestionView02.swift; sourceTree = "<group>"; };
		4D4418822A01354F000EDC42 /* QuestionView03.swift */ = {isa = PBXFileReference; lastKnownFileType = sourcecode.swift; path = QuestionView03.swift; sourceTree = "<group>"; };
		4D4418842A01355B000EDC42 /* QuestionView04.swift */ = {isa = PBXFileReference; lastKnownFileType = sourcecode.swift; path = QuestionView04.swift; sourceTree = "<group>"; };
		4D4418862A013561000EDC42 /* QuestionView05.swift */ = {isa = PBXFileReference; lastKnownFileType = sourcecode.swift; path = QuestionView05.swift; sourceTree = "<group>"; };
		4D4418882A013567000EDC42 /* QuestionView06.swift */ = {isa = PBXFileReference; lastKnownFileType = sourcecode.swift; path = QuestionView06.swift; sourceTree = "<group>"; };
		4D44188A2A01356E000EDC42 /* QuestionView07.swift */ = {isa = PBXFileReference; lastKnownFileType = sourcecode.swift; path = QuestionView07.swift; sourceTree = "<group>"; };
		4D44188C2A013587000EDC42 /* QuestionView08.swift */ = {isa = PBXFileReference; lastKnownFileType = sourcecode.swift; path = QuestionView08.swift; sourceTree = "<group>"; };
		4D44188E2A01358C000EDC42 /* QuestionView09.swift */ = {isa = PBXFileReference; lastKnownFileType = sourcecode.swift; path = QuestionView09.swift; sourceTree = "<group>"; };
		4D4418902A013591000EDC42 /* QuestionView10.swift */ = {isa = PBXFileReference; lastKnownFileType = sourcecode.swift; path = QuestionView10.swift; sourceTree = "<group>"; };
		4D4418922A013597000EDC42 /* QuestionView11.swift */ = {isa = PBXFileReference; lastKnownFileType = sourcecode.swift; path = QuestionView11.swift; sourceTree = "<group>"; };
		4D4418942A01359B000EDC42 /* QuestionView12.swift */ = {isa = PBXFileReference; lastKnownFileType = sourcecode.swift; path = QuestionView12.swift; sourceTree = "<group>"; };
		9754C85E2A0E596B009A5405 /* LaunchScreen.storyboard */ = {isa = PBXFileReference; lastKnownFileType = file.storyboard; path = LaunchScreen.storyboard; sourceTree = "<group>"; };
		9754C8612A0E5B1E009A5405 /* jihwajaData.swift */ = {isa = PBXFileReference; lastKnownFileType = sourcecode.swift; path = jihwajaData.swift; sourceTree = "<group>"; };
		9789340E2A035EF20029AD06 /* getWidth.swift */ = {isa = PBXFileReference; lastKnownFileType = sourcecode.swift; path = getWidth.swift; sourceTree = "<group>"; };
		978934102A035EFB0029AD06 /* QuestionView.swift */ = {isa = PBXFileReference; lastKnownFileType = sourcecode.swift; path = QuestionView.swift; sourceTree = "<group>"; };
		97B5AA5F2A0FA75E00B15C61 /* JIhwajaStore.swift */ = {isa = PBXFileReference; lastKnownFileType = sourcecode.swift; path = JIhwajaStore.swift; sourceTree = "<group>"; };
		97F9C9A92A03C2E900335E65 /* StoreButtonView.swift */ = {isa = PBXFileReference; lastKnownFileType = sourcecode.swift; path = StoreButtonView.swift; sourceTree = "<group>"; };
		D4149D922A0925BF00CC47AA /* HalfModalView.swift */ = {isa = PBXFileReference; fileEncoding = 4; lastKnownFileType = sourcecode.swift; path = HalfModalView.swift; sourceTree = "<group>"; };
/* End PBXFileReference section */

/* Begin PBXFrameworksBuildPhase section */
		4524FD182A00EB1100A5BC27 /* Frameworks */ = {
			isa = PBXFrameworksBuildPhase;
			buildActionMask = 2147483647;
			files = (
				45E06A422A0DBF4600D90F88 /* FLAnimatedImage in Frameworks */,
			);
			runOnlyForDeploymentPostprocessing = 0;
		};
/* End PBXFrameworksBuildPhase section */

/* Begin PBXGroup section */
		4524FD122A00EB1100A5BC27 = {
			isa = PBXGroup;
			children = (
				4524FD1D2A00EB1100A5BC27 /* Jihwaja */,
				45E06A3F2A0D3FDB00D90F88 /* Jihwaja.app */,
			);
			sourceTree = "<group>";
		};
		4524FD1D2A00EB1100A5BC27 /* Jihwaja */ = {
			isa = PBXGroup;
			children = (
				4524FD1E2A00EB1100A5BC27 /* JihwajaApp.swift */,
				9754C8602A0E5B08009A5405 /* Data */,
				4D4418742A01343D000EDC42 /* Views */,
				4569EEA12A09DFA7003B1D48 /* Managers */,
				45429E902A0DD6510049C727 /* GIFs */,
				4524FD222A00EB1200A5BC27 /* Assets.xcassets */,
				4524FD242A00EB1200A5BC27 /* Preview Content */,
			);
			path = Jihwaja;
			sourceTree = "<group>";
		};
		4524FD242A00EB1200A5BC27 /* Preview Content */ = {
			isa = PBXGroup;
			children = (
				4524FD252A00EB1200A5BC27 /* Preview Assets.xcassets */,
			);
			path = "Preview Content";
			sourceTree = "<group>";
		};
		45429E902A0DD6510049C727 /* GIFs */ = {
			isa = PBXGroup;
			children = (
				45429E912A0DD6890049C727 /* Q2_motion.gif */,
			);
			path = GIFs;
			sourceTree = "<group>";
		};
		4569EEA12A09DFA7003B1D48 /* Managers */ = {
			isa = PBXGroup;
			children = (
				4569EEA22A09DFFD003B1D48 /* DrawingManager.swift */,
				45254E7B2A0B24A50024982F /* PressManager.swift */,
				45E06A432A0DC1EF00D90F88 /* AnimatedManager.swift */,
			);
			path = Managers;
			sourceTree = "<group>";
		};
		4D4418742A01343D000EDC42 /* Views */ = {
			isa = PBXGroup;
			children = (
				4D4418772A013463000EDC42 /* SplashView.swift */,
				4524FD202A00EB1100A5BC27 /* ContentView.swift */,
				4D4418792A013476000EDC42 /* OnboardingView.swift */,
				4D4418752A013454000EDC42 /* MainView.swift */,
				4D44187B2A0134A0000EDC42 /* ReportView.swift */,
				9754C85E2A0E596B009A5405 /* LaunchScreen.storyboard */,
				9789340D2A035EE50029AD06 /* Components */,
				4D44187D2A0134AB000EDC42 /* Questions */,
			);
			path = Views;
			sourceTree = "<group>";
		};
		4D44187D2A0134AB000EDC42 /* Questions */ = {
			isa = PBXGroup;
			children = (
				4D44187E2A01352B000EDC42 /* QuestionView01.swift */,
				4D4418802A013548000EDC42 /* QuestionView02.swift */,
				4D4418822A01354F000EDC42 /* QuestionView03.swift */,
				4D4418842A01355B000EDC42 /* QuestionView04.swift */,
				4D4418862A013561000EDC42 /* QuestionView05.swift */,
				4D4418882A013567000EDC42 /* QuestionView06.swift */,
				4D44188A2A01356E000EDC42 /* QuestionView07.swift */,
				4D44188C2A013587000EDC42 /* QuestionView08.swift */,
				4D44188E2A01358C000EDC42 /* QuestionView09.swift */,
				4D4418902A013591000EDC42 /* QuestionView10.swift */,
				4D4418922A013597000EDC42 /* QuestionView11.swift */,
				4D4418942A01359B000EDC42 /* QuestionView12.swift */,
			);
			path = Questions;
			sourceTree = "<group>";
		};
		9754C8602A0E5B08009A5405 /* Data */ = {
			isa = PBXGroup;
			children = (
				9754C8612A0E5B1E009A5405 /* jihwajaData.swift */,
				97B5AA5F2A0FA75E00B15C61 /* JIhwajaStore.swift */,
			);
			path = Data;
			sourceTree = "<group>";
		};
		9789340D2A035EE50029AD06 /* Components */ = {
			isa = PBXGroup;
			children = (
				978934102A035EFB0029AD06 /* QuestionView.swift */,
				97F9C9A92A03C2E900335E65 /* StoreButtonView.swift */,
				D4149D922A0925BF00CC47AA /* HalfModalView.swift */,
				9789340E2A035EF20029AD06 /* getWidth.swift */,
			);
			path = Components;
			sourceTree = "<group>";
		};
/* End PBXGroup section */

/* Begin PBXNativeTarget section */
		4524FD1A2A00EB1100A5BC27 /* Jihwaja */ = {
			isa = PBXNativeTarget;
			buildConfigurationList = 4524FD292A00EB1200A5BC27 /* Build configuration list for PBXNativeTarget "Jihwaja" */;
			buildPhases = (
				4524FD172A00EB1100A5BC27 /* Sources */,
				4524FD182A00EB1100A5BC27 /* Frameworks */,
				4524FD192A00EB1100A5BC27 /* Resources */,
			);
			buildRules = (
			);
			dependencies = (
			);
			name = Jihwaja;
			packageProductDependencies = (
				45E06A412A0DBF4600D90F88 /* FLAnimatedImage */,
			);
			productName = Jihwaja;
			productReference = 45E06A3F2A0D3FDB00D90F88 /* Jihwaja.app */;
			productType = "com.apple.product-type.application";
		};
/* End PBXNativeTarget section */

/* Begin PBXProject section */
		4524FD132A00EB1100A5BC27 /* Project object */ = {
			isa = PBXProject;
			attributes = {
				BuildIndependentTargetsInParallel = 1;
				LastSwiftUpdateCheck = 1430;
				LastUpgradeCheck = 1430;
				TargetAttributes = {
					4524FD1A2A00EB1100A5BC27 = {
						CreatedOnToolsVersion = 14.3;
					};
				};
			};
			buildConfigurationList = 4524FD162A00EB1100A5BC27 /* Build configuration list for PBXProject "Jihwaja" */;
			compatibilityVersion = "Xcode 14.0";
			developmentRegion = en;
			hasScannedForEncodings = 0;
			knownRegions = (
				en,
				Base,
			);
			mainGroup = 4524FD122A00EB1100A5BC27;
			packageReferences = (
				45E06A402A0DBF4600D90F88 /* XCRemoteSwiftPackageReference "FLAnimatedImage" */,
			);
			productRefGroup = 4524FD122A00EB1100A5BC27;
			projectDirPath = "";
			projectRoot = "";
			targets = (
				4524FD1A2A00EB1100A5BC27 /* Jihwaja */,
			);
		};
/* End PBXProject section */

/* Begin PBXResourcesBuildPhase section */
		4524FD192A00EB1100A5BC27 /* Resources */ = {
			isa = PBXResourcesBuildPhase;
			buildActionMask = 2147483647;
			files = (
				4524FD262A00EB1200A5BC27 /* Preview Assets.xcassets in Resources */,
				9754C85F2A0E596B009A5405 /* LaunchScreen.storyboard in Resources */,
				4524FD232A00EB1200A5BC27 /* Assets.xcassets in Resources */,
				45429E922A0DD6890049C727 /* Q2_motion.gif in Resources */,
			);
			runOnlyForDeploymentPostprocessing = 0;
		};
/* End PBXResourcesBuildPhase section */

/* Begin PBXSourcesBuildPhase section */
		4524FD172A00EB1100A5BC27 /* Sources */ = {
			isa = PBXSourcesBuildPhase;
			buildActionMask = 2147483647;
			files = (
				4D4418892A013567000EDC42 /* QuestionView06.swift in Sources */,
				4524FD212A00EB1100A5BC27 /* ContentView.swift in Sources */,
				4D44188D2A013587000EDC42 /* QuestionView08.swift in Sources */,
				D4149D932A0925BF00CC47AA /* HalfModalView.swift in Sources */,
				9754C8622A0E5B1E009A5405 /* jihwajaData.swift in Sources */,
				4D4418912A013591000EDC42 /* QuestionView10.swift in Sources */,
				4D4418932A013597000EDC42 /* QuestionView11.swift in Sources */,
				978934112A035EFB0029AD06 /* QuestionView.swift in Sources */,
				4D4418782A013463000EDC42 /* SplashView.swift in Sources */,
				97B5AA602A0FA75E00B15C61 /* JIhwajaStore.swift in Sources */,
				4D44187C2A0134A0000EDC42 /* ReportView.swift in Sources */,
				4D4418762A013455000EDC42 /* MainView.swift in Sources */,
				4D4418832A01354F000EDC42 /* QuestionView03.swift in Sources */,
				4D4418812A013548000EDC42 /* QuestionView02.swift in Sources */,
				4D44187A2A013476000EDC42 /* OnboardingView.swift in Sources */,
				4524FD1F2A00EB1100A5BC27 /* JihwajaApp.swift in Sources */,
				45E06A442A0DC1EF00D90F88 /* AnimatedManager.swift in Sources */,
				97F9C9AA2A03C2E900335E65 /* StoreButtonView.swift in Sources */,
				4D4418872A013561000EDC42 /* QuestionView05.swift in Sources */,
				4D44188F2A01358C000EDC42 /* QuestionView09.swift in Sources */,
				4569EEA32A09DFFD003B1D48 /* DrawingManager.swift in Sources */,
				4D4418852A01355B000EDC42 /* QuestionView04.swift in Sources */,
				4D44188B2A01356E000EDC42 /* QuestionView07.swift in Sources */,
				4D44187F2A01352B000EDC42 /* QuestionView01.swift in Sources */,
				45254E7C2A0B24A50024982F /* PressManager.swift in Sources */,
				4D4418952A01359B000EDC42 /* QuestionView12.swift in Sources */,
				9789340F2A035EF20029AD06 /* getWidth.swift in Sources */,
			);
			runOnlyForDeploymentPostprocessing = 0;
		};
/* End PBXSourcesBuildPhase section */

/* Begin XCBuildConfiguration section */
		4524FD272A00EB1200A5BC27 /* Debug */ = {
			isa = XCBuildConfiguration;
			buildSettings = {
				ALWAYS_SEARCH_USER_PATHS = NO;
				CLANG_ANALYZER_NONNULL = YES;
				CLANG_ANALYZER_NUMBER_OBJECT_CONVERSION = YES_AGGRESSIVE;
				CLANG_CXX_LANGUAGE_STANDARD = "gnu++20";
				CLANG_ENABLE_MODULES = YES;
				CLANG_ENABLE_OBJC_ARC = YES;
				CLANG_ENABLE_OBJC_WEAK = YES;
				CLANG_WARN_BLOCK_CAPTURE_AUTORELEASING = YES;
				CLANG_WARN_BOOL_CONVERSION = YES;
				CLANG_WARN_COMMA = YES;
				CLANG_WARN_CONSTANT_CONVERSION = YES;
				CLANG_WARN_DEPRECATED_OBJC_IMPLEMENTATIONS = YES;
				CLANG_WARN_DIRECT_OBJC_ISA_USAGE = YES_ERROR;
				CLANG_WARN_DOCUMENTATION_COMMENTS = YES;
				CLANG_WARN_EMPTY_BODY = YES;
				CLANG_WARN_ENUM_CONVERSION = YES;
				CLANG_WARN_INFINITE_RECURSION = YES;
				CLANG_WARN_INT_CONVERSION = YES;
				CLANG_WARN_NON_LITERAL_NULL_CONVERSION = YES;
				CLANG_WARN_OBJC_IMPLICIT_RETAIN_SELF = YES;
				CLANG_WARN_OBJC_LITERAL_CONVERSION = YES;
				CLANG_WARN_OBJC_ROOT_CLASS = YES_ERROR;
				CLANG_WARN_QUOTED_INCLUDE_IN_FRAMEWORK_HEADER = YES;
				CLANG_WARN_RANGE_LOOP_ANALYSIS = YES;
				CLANG_WARN_STRICT_PROTOTYPES = YES;
				CLANG_WARN_SUSPICIOUS_MOVE = YES;
				CLANG_WARN_UNGUARDED_AVAILABILITY = YES_AGGRESSIVE;
				CLANG_WARN_UNREACHABLE_CODE = YES;
				CLANG_WARN__DUPLICATE_METHOD_MATCH = YES;
				COPY_PHASE_STRIP = NO;
				DEBUG_INFORMATION_FORMAT = dwarf;
				ENABLE_STRICT_OBJC_MSGSEND = YES;
				ENABLE_TESTABILITY = YES;
				GCC_C_LANGUAGE_STANDARD = gnu11;
				GCC_DYNAMIC_NO_PIC = NO;
				GCC_NO_COMMON_BLOCKS = YES;
				GCC_OPTIMIZATION_LEVEL = 0;
				GCC_PREPROCESSOR_DEFINITIONS = (
					"DEBUG=1",
					"$(inherited)",
				);
				GCC_WARN_64_TO_32_BIT_CONVERSION = YES;
				GCC_WARN_ABOUT_RETURN_TYPE = YES_ERROR;
				GCC_WARN_UNDECLARED_SELECTOR = YES;
				GCC_WARN_UNINITIALIZED_AUTOS = YES_AGGRESSIVE;
				GCC_WARN_UNUSED_FUNCTION = YES;
				GCC_WARN_UNUSED_VARIABLE = YES;
				IPHONEOS_DEPLOYMENT_TARGET = 16.4;
				MTL_ENABLE_DEBUG_INFO = INCLUDE_SOURCE;
				MTL_FAST_MATH = YES;
				ONLY_ACTIVE_ARCH = YES;
				SDKROOT = iphoneos;
				SWIFT_ACTIVE_COMPILATION_CONDITIONS = DEBUG;
				SWIFT_OPTIMIZATION_LEVEL = "-Onone";
			};
			name = Debug;
		};
		4524FD282A00EB1200A5BC27 /* Release */ = {
			isa = XCBuildConfiguration;
			buildSettings = {
				ALWAYS_SEARCH_USER_PATHS = NO;
				CLANG_ANALYZER_NONNULL = YES;
				CLANG_ANALYZER_NUMBER_OBJECT_CONVERSION = YES_AGGRESSIVE;
				CLANG_CXX_LANGUAGE_STANDARD = "gnu++20";
				CLANG_ENABLE_MODULES = YES;
				CLANG_ENABLE_OBJC_ARC = YES;
				CLANG_ENABLE_OBJC_WEAK = YES;
				CLANG_WARN_BLOCK_CAPTURE_AUTORELEASING = YES;
				CLANG_WARN_BOOL_CONVERSION = YES;
				CLANG_WARN_COMMA = YES;
				CLANG_WARN_CONSTANT_CONVERSION = YES;
				CLANG_WARN_DEPRECATED_OBJC_IMPLEMENTATIONS = YES;
				CLANG_WARN_DIRECT_OBJC_ISA_USAGE = YES_ERROR;
				CLANG_WARN_DOCUMENTATION_COMMENTS = YES;
				CLANG_WARN_EMPTY_BODY = YES;
				CLANG_WARN_ENUM_CONVERSION = YES;
				CLANG_WARN_INFINITE_RECURSION = YES;
				CLANG_WARN_INT_CONVERSION = YES;
				CLANG_WARN_NON_LITERAL_NULL_CONVERSION = YES;
				CLANG_WARN_OBJC_IMPLICIT_RETAIN_SELF = YES;
				CLANG_WARN_OBJC_LITERAL_CONVERSION = YES;
				CLANG_WARN_OBJC_ROOT_CLASS = YES_ERROR;
				CLANG_WARN_QUOTED_INCLUDE_IN_FRAMEWORK_HEADER = YES;
				CLANG_WARN_RANGE_LOOP_ANALYSIS = YES;
				CLANG_WARN_STRICT_PROTOTYPES = YES;
				CLANG_WARN_SUSPICIOUS_MOVE = YES;
				CLANG_WARN_UNGUARDED_AVAILABILITY = YES_AGGRESSIVE;
				CLANG_WARN_UNREACHABLE_CODE = YES;
				CLANG_WARN__DUPLICATE_METHOD_MATCH = YES;
				COPY_PHASE_STRIP = NO;
				DEBUG_INFORMATION_FORMAT = "dwarf-with-dsym";
				ENABLE_NS_ASSERTIONS = NO;
				ENABLE_STRICT_OBJC_MSGSEND = YES;
				GCC_C_LANGUAGE_STANDARD = gnu11;
				GCC_NO_COMMON_BLOCKS = YES;
				GCC_WARN_64_TO_32_BIT_CONVERSION = YES;
				GCC_WARN_ABOUT_RETURN_TYPE = YES_ERROR;
				GCC_WARN_UNDECLARED_SELECTOR = YES;
				GCC_WARN_UNINITIALIZED_AUTOS = YES_AGGRESSIVE;
				GCC_WARN_UNUSED_FUNCTION = YES;
				GCC_WARN_UNUSED_VARIABLE = YES;
				IPHONEOS_DEPLOYMENT_TARGET = 16.4;
				MTL_ENABLE_DEBUG_INFO = NO;
				MTL_FAST_MATH = YES;
				SDKROOT = iphoneos;
				SWIFT_COMPILATION_MODE = wholemodule;
				SWIFT_OPTIMIZATION_LEVEL = "-O";
				VALIDATE_PRODUCT = YES;
			};
			name = Release;
		};
		4524FD2A2A00EB1200A5BC27 /* Debug */ = {
			isa = XCBuildConfiguration;
			buildSettings = {
				ASSETCATALOG_COMPILER_APPICON_NAME = AppIcon;
				ASSETCATALOG_COMPILER_GLOBAL_ACCENT_COLOR_NAME = AccentColor;
				CODE_SIGN_STYLE = Automatic;
				CURRENT_PROJECT_VERSION = 1;
				DEVELOPMENT_ASSET_PATHS = "\"Jihwaja/Preview Content\"";
				DEVELOPMENT_TEAM = 2YSYJFB7P9;
				ENABLE_PREVIEWS = YES;
				GENERATE_INFOPLIST_FILE = YES;
				INFOPLIST_KEY_UIApplicationSceneManifest_Generation = YES;
				INFOPLIST_KEY_UIApplicationSupportsIndirectInputEvents = YES;
				INFOPLIST_KEY_UILaunchScreen_Generation = YES;
				INFOPLIST_KEY_UILaunchStoryboardName = LaunchScreen.storyboard;
				INFOPLIST_KEY_UISupportedInterfaceOrientations_iPad = "UIInterfaceOrientationPortrait UIInterfaceOrientationPortraitUpsideDown UIInterfaceOrientationLandscapeLeft UIInterfaceOrientationLandscapeRight";
				INFOPLIST_KEY_UISupportedInterfaceOrientations_iPhone = "UIInterfaceOrientationPortrait UIInterfaceOrientationLandscapeLeft UIInterfaceOrientationLandscapeRight";
				LD_RUNPATH_SEARCH_PATHS = (
					"$(inherited)",
					"@executable_path/Frameworks",
				);
				MARKETING_VERSION = 1.0;
				PRODUCT_BUNDLE_IDENTIFIER = com.ffffff.Jihwaja2;
				PRODUCT_NAME = "$(TARGET_NAME)";
				SWIFT_EMIT_LOC_STRINGS = YES;
				SWIFT_VERSION = 5.0;
				TARGETED_DEVICE_FAMILY = "1,2";
			};
			name = Debug;
		};
		4524FD2B2A00EB1200A5BC27 /* Release */ = {
			isa = XCBuildConfiguration;
			buildSettings = {
				ASSETCATALOG_COMPILER_APPICON_NAME = AppIcon;
				ASSETCATALOG_COMPILER_GLOBAL_ACCENT_COLOR_NAME = AccentColor;
				CODE_SIGN_STYLE = Automatic;
				CURRENT_PROJECT_VERSION = 1;
				DEVELOPMENT_ASSET_PATHS = "\"Jihwaja/Preview Content\"";
				DEVELOPMENT_TEAM = 2YSYJFB7P9;
				ENABLE_PREVIEWS = YES;
				GENERATE_INFOPLIST_FILE = YES;
				INFOPLIST_KEY_UIApplicationSceneManifest_Generation = YES;
				INFOPLIST_KEY_UIApplicationSupportsIndirectInputEvents = YES;
				INFOPLIST_KEY_UILaunchScreen_Generation = YES;
				INFOPLIST_KEY_UILaunchStoryboardName = LaunchScreen.storyboard;
				INFOPLIST_KEY_UISupportedInterfaceOrientations_iPad = "UIInterfaceOrientationPortrait UIInterfaceOrientationPortraitUpsideDown UIInterfaceOrientationLandscapeLeft UIInterfaceOrientationLandscapeRight";
				INFOPLIST_KEY_UISupportedInterfaceOrientations_iPhone = "UIInterfaceOrientationPortrait UIInterfaceOrientationLandscapeLeft UIInterfaceOrientationLandscapeRight";
				LD_RUNPATH_SEARCH_PATHS = (
					"$(inherited)",
					"@executable_path/Frameworks",
				);
				MARKETING_VERSION = 1.0;
				PRODUCT_BUNDLE_IDENTIFIER = com.ffffff.Jihwaja2;
				PRODUCT_NAME = "$(TARGET_NAME)";
				SWIFT_EMIT_LOC_STRINGS = YES;
				SWIFT_VERSION = 5.0;
				TARGETED_DEVICE_FAMILY = "1,2";
			};
			name = Release;
		};
/* End XCBuildConfiguration section */

/* Begin XCConfigurationList section */
		4524FD162A00EB1100A5BC27 /* Build configuration list for PBXProject "Jihwaja" */ = {
			isa = XCConfigurationList;
			buildConfigurations = (
				4524FD272A00EB1200A5BC27 /* Debug */,
				4524FD282A00EB1200A5BC27 /* Release */,
			);
			defaultConfigurationIsVisible = 0;
			defaultConfigurationName = Release;
		};
		4524FD292A00EB1200A5BC27 /* Build configuration list for PBXNativeTarget "Jihwaja" */ = {
			isa = XCConfigurationList;
			buildConfigurations = (
				4524FD2A2A00EB1200A5BC27 /* Debug */,
				4524FD2B2A00EB1200A5BC27 /* Release */,
			);
			defaultConfigurationIsVisible = 0;
			defaultConfigurationName = Release;
		};
/* End XCConfigurationList section */

/* Begin XCRemoteSwiftPackageReference section */
		45E06A402A0DBF4600D90F88 /* XCRemoteSwiftPackageReference "FLAnimatedImage" */ = {
			isa = XCRemoteSwiftPackageReference;
			repositoryURL = "https://github.com/Flipboard/FLAnimatedImage";
			requirement = {
				kind = upToNextMajorVersion;
				minimumVersion = 1.0.0;
			};
		};
/* End XCRemoteSwiftPackageReference section */

/* Begin XCSwiftPackageProductDependency section */
		45E06A412A0DBF4600D90F88 /* FLAnimatedImage */ = {
			isa = XCSwiftPackageProductDependency;
			package = 45E06A402A0DBF4600D90F88 /* XCRemoteSwiftPackageReference "FLAnimatedImage" */;
			productName = FLAnimatedImage;
		};
/* End XCSwiftPackageProductDependency section */
	};
	rootObject = 4524FD132A00EB1100A5BC27 /* Project object */;
}
